
Microsoft Visual Studio Solution File, Format Version 12.00
# Visual Studio Version 17
VisualStudioVersion = 17.8.34408.163
MinimumVisualStudioVersion = 10.0.40219.1
Project("{9A19103F-16F7-4668-BE54-9A1E7A4F7556}") = "KitchenDelights", "KitchenDelights\KitchenDelights.csproj", "{D72B55A9-7B5C-4F3C-99BC-E156BDBFC7D1}"
EndProject
Project("{9A19103F-16F7-4668-BE54-9A1E7A4F7556}") = "Business", "Business\Business.csproj", "{8E956689-793A-4045-BE69-C993DAA35C25}"
EndProject
Project("{9A19103F-16F7-4668-BE54-9A1E7A4F7556}") = "Data", "Data\Data.csproj", "{F9D87671-DD68-46BD-9E60-1D44B3C3E599}"
EndProject
Project("{2150E333-8FDC-42A3-9474-1A3956D46DE8}") = "Solution Items", "Solution Items", "{47FE4D6F-EF43-4D84-8F40-53BB8B32C400}"
	ProjectSection(SolutionItems) = preProject
		docker-compose.yml = docker-compose.yml
	EndProjectSection
EndProject
Project("{9A19103F-16F7-4668-BE54-9A1E7A4F7556}") = "Business.Test", "Business.Test\Business.Test.csproj", "{2576A8E7-7742-4F85-A9EF-0CAF24C8783E}"
EndProject
Project("{FAE04EC0-301F-11D3-BF4B-00C04F79EFBC}") = "KitchenDelights.Test", "KitchenDelights.Test\KitchenDelights.Test.csproj", "{65F53FB1-0B0B-4459-9F6E-203E382E4FA6}"
EndProject
Global
	GlobalSection(SolutionConfigurationPlatforms) = preSolution
		Debug|Any CPU = Debug|Any CPU
		Release|Any CPU = Release|Any CPU
	EndGlobalSection
	GlobalSection(ProjectConfigurationPlatforms) = postSolution
		{D72B55A9-7B5C-4F3C-99BC-E156BDBFC7D1}.Debug|Any CPU.ActiveCfg = Debug|Any CPU
		{D72B55A9-7B5C-4F3C-99BC-E156BDBFC7D1}.Debug|Any CPU.Build.0 = Debug|Any CPU
		{D72B55A9-7B5C-4F3C-99BC-E156BDBFC7D1}.Release|Any CPU.ActiveCfg = Release|Any CPU
		{D72B55A9-7B5C-4F3C-99BC-E156BDBFC7D1}.Release|Any CPU.Build.0 = Release|Any CPU
		{8E956689-793A-4045-BE69-C993DAA35C25}.Debug|Any CPU.ActiveCfg = Debug|Any CPU
		{8E956689-793A-4045-BE69-C993DAA35C25}.Debug|Any CPU.Build.0 = Debug|Any CPU
		{8E956689-793A-4045-BE69-C993DAA35C25}.Release|Any CPU.ActiveCfg = Release|Any CPU
		{8E956689-793A-4045-BE69-C993DAA35C25}.Release|Any CPU.Build.0 = Release|Any CPU
		{F9D87671-DD68-46BD-9E60-1D44B3C3E599}.Debug|Any CPU.ActiveCfg = Debug|Any CPU
		{F9D87671-DD68-46BD-9E60-1D44B3C3E599}.Debug|Any CPU.Build.0 = Debug|Any CPU
		{F9D87671-DD68-46BD-9E60-1D44B3C3E599}.Release|Any CPU.ActiveCfg = Release|Any CPU
		{F9D87671-DD68-46BD-9E60-1D44B3C3E599}.Release|Any CPU.Build.0 = Release|Any CPU
		{2576A8E7-7742-4F85-A9EF-0CAF24C8783E}.Debug|Any CPU.ActiveCfg = Debug|Any CPU
		{2576A8E7-7742-4F85-A9EF-0CAF24C8783E}.Debug|Any CPU.Build.0 = Debug|Any CPU
		{2576A8E7-7742-4F85-A9EF-0CAF24C8783E}.Release|Any CPU.ActiveCfg = Release|Any CPU
		{2576A8E7-7742-4F85-A9EF-0CAF24C8783E}.Release|Any CPU.Build.0 = Release|Any CPU
		{65F53FB1-0B0B-4459-9F6E-203E382E4FA6}.Debug|Any CPU.ActiveCfg = Debug|Any CPU
		{65F53FB1-0B0B-4459-9F6E-203E382E4FA6}.Debug|Any CPU.Build.0 = Debug|Any CPU
		{65F53FB1-0B0B-4459-9F6E-203E382E4FA6}.Release|Any CPU.ActiveCfg = Release|Any CPU
		{65F53FB1-0B0B-4459-9F6E-203E382E4FA6}.Release|Any CPU.Build.0 = Release|Any CPU
	EndGlobalSection
	GlobalSection(SolutionProperties) = preSolution
		HideSolutionNode = FALSE
	EndGlobalSection
	GlobalSection(ExtensibilityGlobals) = postSolution
		SolutionGuid = {9F81891A-3A79-4BA2-A814-0CF4F0912221}
	EndGlobalSection
EndGlobal
